// !$*UTF8*$!
{
	archiveVersion = 1;
	classes = {
	};
	objectVersion = 46;
	objects = {

/* Begin PBXBuildFile section */
		AC0770431DFABD2C00E70415 /* AppDelegate.swift in Sources */ = {isa = PBXBuildFile; fileRef = AC0770421DFABD2C00E70415 /* AppDelegate.swift */; };
		AC0770451DFABD2C00E70415 /* ViewController.swift in Sources */ = {isa = PBXBuildFile; fileRef = AC0770441DFABD2C00E70415 /* ViewController.swift */; };
		AC0770481DFABD2C00E70415 /* Main.storyboard in Resources */ = {isa = PBXBuildFile; fileRef = AC0770461DFABD2C00E70415 /* Main.storyboard */; };
		AC07704A1DFABD2C00E70415 /* Assets.xcassets in Resources */ = {isa = PBXBuildFile; fileRef = AC0770491DFABD2C00E70415 /* Assets.xcassets */; };
		AC07704D1DFABD2C00E70415 /* LaunchScreen.storyboard in Resources */ = {isa = PBXBuildFile; fileRef = AC07704B1DFABD2C00E70415 /* LaunchScreen.storyboard */; };
		AC0770581DFABD2C00E70415 /* CAFirebase2Tests.swift in Sources */ = {isa = PBXBuildFile; fileRef = AC0770571DFABD2C00E70415 /* CAFirebase2Tests.swift */; };
		AC0770631DFABD2C00E70415 /* CAFirebase2UITests.swift in Sources */ = {isa = PBXBuildFile; fileRef = AC0770621DFABD2C00E70415 /* CAFirebase2UITests.swift */; };
/* End PBXBuildFile section */

/* Begin PBXContainerItemProxy section */
		AC0770541DFABD2C00E70415 /* PBXContainerItemProxy */ = {
			isa = PBXContainerItemProxy;
			containerPortal = AC0770371DFABD2C00E70415 /* Project object */;
			proxyType = 1;
			remoteGlobalIDString = AC07703E1DFABD2C00E70415;
			remoteInfo = CAFirebase2;
		};
		AC07705F1DFABD2C00E70415 /* PBXContainerItemProxy */ = {
			isa = PBXContainerItemProxy;
			containerPortal = AC0770371DFABD2C00E70415 /* Project object */;
			proxyType = 1;
			remoteGlobalIDString = AC07703E1DFABD2C00E70415;
			remoteInfo = CAFirebase2;
		};
/* End PBXContainerItemProxy section */

/* Begin PBXFileReference section */
		AC07703F1DFABD2C00E70415 /* CAFirebase2.app */ = {isa = PBXFileReference; explicitFileType = wrapper.application; includeInIndex = 0; path = CAFirebase2.app; sourceTree = BUILT_PRODUCTS_DIR; };
		AC0770421DFABD2C00E70415 /* AppDelegate.swift */ = {isa = PBXFileReference; lastKnownFileType = sourcecode.swift; path = AppDelegate.swift; sourceTree = "<group>"; };
		AC0770441DFABD2C00E70415 /* ViewController.swift */ = {isa = PBXFileReference; lastKnownFileType = sourcecode.swift; path = ViewController.swift; sourceTree = "<group>"; };
		AC0770471DFABD2C00E70415 /* Base */ = {isa = PBXFileReference; lastKnownFileType = file.storyboard; name = Base; path = Base.lproj/Main.storyboard; sourceTree = "<group>"; };
		AC0770491DFABD2C00E70415 /* Assets.xcassets */ = {isa = PBXFileReference; lastKnownFileType = folder.assetcatalog; path = Assets.xcassets; sourceTree = "<group>"; };
		AC07704C1DFABD2C00E70415 /* Base */ = {isa = PBXFileReference; lastKnownFileType = file.storyboard; name = Base; path = Base.lproj/LaunchScreen.storyboard; sourceTree = "<group>"; };
		AC07704E1DFABD2C00E70415 /* Info.plist */ = {isa = PBXFileReference; lastKnownFileType = text.plist.xml; path = Info.plist; sourceTree = "<group>"; };
		AC0770531DFABD2C00E70415 /* CAFirebase2Tests.xctest */ = {isa = PBXFileReference; explicitFileType = wrapper.cfbundle; includeInIndex = 0; path = CAFirebase2Tests.xctest; sourceTree = BUILT_PRODUCTS_DIR; };
		AC0770571DFABD2C00E70415 /* CAFirebase2Tests.swift */ = {isa = PBXFileReference; lastKnownFileType = sourcecode.swift; path = CAFirebase2Tests.swift; sourceTree = "<group>"; };
		AC0770591DFABD2C00E70415 /* Info.plist */ = {isa = PBXFileReference; lastKnownFileType = text.plist.xml; path = Info.plist; sourceTree = "<group>"; };
		AC07705E1DFABD2C00E70415 /* CAFirebase2UITests.xctest */ = {isa = PBXFileReference; explicitFileType = wrapper.cfbundle; includeInIndex = 0; path = CAFirebase2UITests.xctest; sourceTree = BUILT_PRODUCTS_DIR; };
		AC0770621DFABD2C00E70415 /* CAFirebase2UITests.swift */ = {isa = PBXFileReference; lastKnownFileType = sourcecode.swift; path = CAFirebase2UITests.swift; sourceTree = "<group>"; };
		AC0770641DFABD2C00E70415 /* Info.plist */ = {isa = PBXFileReference; lastKnownFileType = text.plist.xml; path = Info.plist; sourceTree = "<group>"; };
/* End PBXFileReference section */

/* Begin PBXFrameworksBuildPhase section */
		AC07703C1DFABD2C00E70415 /* Frameworks */ = {
			isa = PBXFrameworksBuildPhase;
			buildActionMask = 2147483647;
			files = (
			);
			runOnlyForDeploymentPostprocessing = 0;
		};
		AC0770501DFABD2C00E70415 /* Frameworks */ = {
			isa = PBXFrameworksBuildPhase;
			buildActionMask = 2147483647;
			files = (
			);
			runOnlyForDeploymentPostprocessing = 0;
		};
		AC07705B1DFABD2C00E70415 /* Frameworks */ = {
			isa = PBXFrameworksBuildPhase;
			buildActionMask = 2147483647;
			files = (
			);
			runOnlyForDeploymentPostprocessing = 0;
		};
/* End PBXFrameworksBuildPhase section */

/* Begin PBXGroup section */
		AC0770361DFABD2C00E70415 = {
			isa = PBXGroup;
			children = (
				AC0770411DFABD2C00E70415 /* CAFirebase2 */,
				AC0770561DFABD2C00E70415 /* CAFirebase2Tests */,
				AC0770611DFABD2C00E70415 /* CAFirebase2UITests */,
				AC0770401DFABD2C00E70415 /* Products */,
			);
			sourceTree = "<group>";
		};
		AC0770401DFABD2C00E70415 /* Products */ = {
			isa = PBXGroup;
			children = (
				AC07703F1DFABD2C00E70415 /* CAFirebase2.app */,
				AC0770531DFABD2C00E70415 /* CAFirebase2Tests.xctest */,
				AC07705E1DFABD2C00E70415 /* CAFirebase2UITests.xctest */,
			);
			name = Products;
			sourceTree = "<group>";
		};
		AC0770411DFABD2C00E70415 /* CAFirebase2 */ = {
			isa = PBXGroup;
			children = (
				AC0770421DFABD2C00E70415 /* AppDelegate.swift */,
				AC0770441DFABD2C00E70415 /* ViewController.swift */,
				AC0770461DFABD2C00E70415 /* Main.storyboard */,
				AC0770491DFABD2C00E70415 /* Assets.xcassets */,
				AC07704B1DFABD2C00E70415 /* LaunchScreen.storyboard */,
				AC07704E1DFABD2C00E70415 /* Info.plist */,
			);
			path = CAFirebase2;
			sourceTree = "<group>";
		};
		AC0770561DFABD2C00E70415 /* CAFirebase2Tests */ = {
			isa = PBXGroup;
			children = (
				AC0770571DFABD2C00E70415 /* CAFirebase2Tests.swift */,
				AC0770591DFABD2C00E70415 /* Info.plist */,
			);
			path = CAFirebase2Tests;
			sourceTree = "<group>";
		};
		AC0770611DFABD2C00E70415 /* CAFirebase2UITests */ = {
			isa = PBXGroup;
			children = (
				AC0770621DFABD2C00E70415 /* CAFirebase2UITests.swift */,
				AC0770641DFABD2C00E70415 /* Info.plist */,
			);
			path = CAFirebase2UITests;
			sourceTree = "<group>";
		};
/* End PBXGroup section */

/* Begin PBXNativeTarget section */
		AC07703E1DFABD2C00E70415 /* CAFirebase2 */ = {
			isa = PBXNativeTarget;
			buildConfigurationList = AC0770671DFABD2C00E70415 /* Build configuration list for PBXNativeTarget "CAFirebase2" */;
			buildPhases = (
				AC07703B1DFABD2C00E70415 /* Sources */,
				AC07703C1DFABD2C00E70415 /* Frameworks */,
				AC07703D1DFABD2C00E70415 /* Resources */,
			);
			buildRules = (
			);
			dependencies = (
			);
			name = CAFirebase2;
			productName = CAFirebase2;
			productReference = AC07703F1DFABD2C00E70415 /* CAFirebase2.app */;
			productType = "com.apple.product-type.application";
		};
		AC0770521DFABD2C00E70415 /* CAFirebase2Tests */ = {
			isa = PBXNativeTarget;
			buildConfigurationList = AC07706A1DFABD2C00E70415 /* Build configuration list for PBXNativeTarget "CAFirebase2Tests" */;
			buildPhases = (
				AC07704F1DFABD2C00E70415 /* Sources */,
				AC0770501DFABD2C00E70415 /* Frameworks */,
				AC0770511DFABD2C00E70415 /* Resources */,
			);
			buildRules = (
			);
			dependencies = (
				AC0770551DFABD2C00E70415 /* PBXTargetDependency */,
			);
			name = CAFirebase2Tests;
			productName = CAFirebase2Tests;
			productReference = AC0770531DFABD2C00E70415 /* CAFirebase2Tests.xctest */;
			productType = "com.apple.product-type.bundle.unit-test";
		};
		AC07705D1DFABD2C00E70415 /* CAFirebase2UITests */ = {
			isa = PBXNativeTarget;
			buildConfigurationList = AC07706D1DFABD2C00E70415 /* Build configuration list for PBXNativeTarget "CAFirebase2UITests" */;
			buildPhases = (
				AC07705A1DFABD2C00E70415 /* Sources */,
				AC07705B1DFABD2C00E70415 /* Frameworks */,
				AC07705C1DFABD2C00E70415 /* Resources */,
			);
			buildRules = (
			);
			dependencies = (
				AC0770601DFABD2C00E70415 /* PBXTargetDependency */,
			);
			name = CAFirebase2UITests;
			productName = CAFirebase2UITests;
			productReference = AC07705E1DFABD2C00E70415 /* CAFirebase2UITests.xctest */;
			productType = "com.apple.product-type.bundle.ui-testing";
		};
/* End PBXNativeTarget section */

/* Begin PBXProject section */
		AC0770371DFABD2C00E70415 /* Project object */ = {
			isa = PBXProject;
			attributes = {
				LastSwiftUpdateCheck = 0820;
				LastUpgradeCheck = 0820;
				ORGANIZATIONNAME = heiwa;
				TargetAttributes = {
					AC07703E1DFABD2C00E70415 = {
						CreatedOnToolsVersion = 8.2;
						ProvisioningStyle = Automatic;
					};
					AC0770521DFABD2C00E70415 = {
						CreatedOnToolsVersion = 8.2;
						ProvisioningStyle = Automatic;
						TestTargetID = AC07703E1DFABD2C00E70415;
					};
					AC07705D1DFABD2C00E70415 = {
						CreatedOnToolsVersion = 8.2;
						ProvisioningStyle = Automatic;
						TestTargetID = AC07703E1DFABD2C00E70415;
					};
				};
			};
			buildConfigurationList = AC07703A1DFABD2C00E70415 /* Build configuration list for PBXProject "CAFirebase2" */;
			compatibilityVersion = "Xcode 3.2";
			developmentRegion = English;
			hasScannedForEncodings = 0;
			knownRegions = (
				en,
				Base,
			);
			mainGroup = AC0770361DFABD2C00E70415;
			productRefGroup = AC0770401DFABD2C00E70415 /* Products */;
			projectDirPath = "";
			projectRoot = "";
			targets = (
				AC07703E1DFABD2C00E70415 /* CAFirebase2 */,
				AC0770521DFABD2C00E70415 /* CAFirebase2Tests */,
				AC07705D1DFABD2C00E70415 /* CAFirebase2UITests */,
			);
		};
/* End PBXProject section */

/* Begin PBXResourcesBuildPhase section */
		AC07703D1DFABD2C00E70415 /* Resources */ = {
			isa = PBXResourcesBuildPhase;
			buildActionMask = 2147483647;
			files = (
				AC07704D1DFABD2C00E70415 /* LaunchScreen.storyboard in Resources */,
				AC07704A1DFABD2C00E70415 /* Assets.xcassets in Resources */,
				AC0770481DFABD2C00E70415 /* Main.storyboard in Resources */,
			);
			runOnlyForDeploymentPostprocessing = 0;
		};
		AC0770511DFABD2C00E70415 /* Resources */ = {
			isa = PBXResourcesBuildPhase;
			buildActionMask = 2147483647;
			files = (
			);
			runOnlyForDeploymentPostprocessing = 0;
		};
		AC07705C1DFABD2C00E70415 /* Resources */ = {
			isa = PBXResourcesBuildPhase;
			buildActionMask = 2147483647;
			files = (
			);
			runOnlyForDeploymentPostprocessing = 0;
		};
/* End PBXResourcesBuildPhase section */

/* Begin PBXSourcesBuildPhase section */
		AC07703B1DFABD2C00E70415 /* Sources */ = {
			isa = PBXSourcesBuildPhase;
			buildActionMask = 2147483647;
			files = (
				AC0770451DFABD2C00E70415 /* ViewController.swift in Sources */,
				AC0770431DFABD2C00E70415 /* AppDelegate.swift in Sources */,
			);
			runOnlyForDeploymentPostprocessing = 0;
		};
		AC07704F1DFABD2C00E70415 /* Sources */ = {
			isa = PBXSourcesBuildPhase;
			buildActionMask = 2147483647;
			files = (
				AC0770581DFABD2C00E70415 /* CAFirebase2Tests.swift in Sources */,
			);
			runOnlyForDeploymentPostprocessing = 0;
		};
		AC07705A1DFABD2C00E70415 /* Sources */ = {
			isa = PBXSourcesBuildPhase;
			buildActionMask = 2147483647;
			files = (
				AC0770631DFABD2C00E70415 /* CAFirebase2UITests.swift in Sources */,
			);
			runOnlyForDeploymentPostprocessing = 0;
		};
/* End PBXSourcesBuildPhase section */

/* Begin PBXTargetDependency section */
		AC0770551DFABD2C00E70415 /* PBXTargetDependency */ = {
			isa = PBXTargetDependency;
			target = AC07703E1DFABD2C00E70415 /* CAFirebase2 */;
			targetProxy = AC0770541DFABD2C00E70415 /* PBXContainerItemProxy */;
		};
		AC0770601DFABD2C00E70415 /* PBXTargetDependency */ = {
			isa = PBXTargetDependency;
			target = AC07703E1DFABD2C00E70415 /* CAFirebase2 */;
			targetProxy = AC07705F1DFABD2C00E70415 /* PBXContainerItemProxy */;
		};
/* End PBXTargetDependency section */

/* Begin PBXVariantGroup section */
		AC0770461DFABD2C00E70415 /* Main.storyboard */ = {
			isa = PBXVariantGroup;
			children = (
				AC0770471DFABD2C00E70415 /* Base */,
			);
			name = Main.storyboard;
			sourceTree = "<group>";
		};
		AC07704B1DFABD2C00E70415 /* LaunchScreen.storyboard */ = {
			isa = PBXVariantGroup;
			children = (
				AC07704C1DFABD2C00E70415 /* Base */,
			);
			name = LaunchScreen.storyboard;
			sourceTree = "<group>";
		};
/* End PBXVariantGroup section */

/* Begin XCBuildConfiguration section */
		AC0770651DFABD2C00E70415 /* Debug */ = {
			isa = XCBuildConfiguration;
			buildSettings = {
				ALWAYS_SEARCH_USER_PATHS = NO;
				CLANG_ANALYZER_NONNULL = YES;
				CLANG_CXX_LANGUAGE_STANDARD = "gnu++0x";
				CLANG_CXX_LIBRARY = "libc++";
				CLANG_ENABLE_MODULES = YES;
				CLANG_ENABLE_OBJC_ARC = YES;
				CLANG_WARN_BOOL_CONVERSION = YES;
				CLANG_WARN_CONSTANT_CONVERSION = YES;
				CLANG_WARN_DIRECT_OBJC_ISA_USAGE = YES_ERROR;
				CLANG_WARN_DOCUMENTATION_COMMENTS = YES;
				CLANG_WARN_EMPTY_BODY = YES;
				CLANG_WARN_ENUM_CONVERSION = YES;
				CLANG_WARN_INFINITE_RECURSION = YES;
				CLANG_WARN_INT_CONVERSION = YES;
				CLANG_WARN_OBJC_ROOT_CLASS = YES_ERROR;
				CLANG_WARN_SUSPICIOUS_MOVE = YES;
				CLANG_WARN_UNREACHABLE_CODE = YES;
				CLANG_WARN__DUPLICATE_METHOD_MATCH = YES;
				"CODE_SIGN_IDENTITY[sdk=iphoneos*]" = "iPhone Developer";
				COPY_PHASE_STRIP = NO;
				DEBUG_INFORMATION_FORMAT = dwarf;
				ENABLE_STRICT_OBJC_MSGSEND = YES;
				ENABLE_TESTABILITY = YES;
				GCC_C_LANGUAGE_STANDARD = gnu99;
				GCC_DYNAMIC_NO_PIC = NO;
				GCC_NO_COMMON_BLOCKS = YES;
				GCC_OPTIMIZATION_LEVEL = 0;
				GCC_PREPROCESSOR_DEFINITIONS = (
					"DEBUG=1",
					"$(inherited)",
				);
				GCC_WARN_64_TO_32_BIT_CONVERSION = YES;
				GCC_WARN_ABOUT_RETURN_TYPE = YES_ERROR;
				GCC_WARN_UNDECLARED_SELECTOR = YES;
				GCC_WARN_UNINITIALIZED_AUTOS = YES_AGGRESSIVE;
				GCC_WARN_UNUSED_FUNCTION = YES;
				GCC_WARN_UNUSED_VARIABLE = YES;
				IPHONEOS_DEPLOYMENT_TARGET = 10.2;
				MTL_ENABLE_DEBUG_INFO = YES;
				ONLY_ACTIVE_ARCH = YES;
				SDKROOT = iphoneos;
				SWIFT_ACTIVE_COMPILATION_CONDITIONS = DEBUG;
				SWIFT_OPTIMIZATION_LEVEL = "-Onone";
			};
			name = Debug;
		};
		AC0770661DFABD2C00E70415 /* Release */ = {
			isa = XCBuildConfiguration;
			buildSettings = {
				ALWAYS_SEARCH_USER_PATHS = NO;
				CLANG_ANALYZER_NONNULL = YES;
				CLANG_CXX_LANGUAGE_STANDARD = "gnu++0x";
				CLANG_CXX_LIBRARY = "libc++";
				CLANG_ENABLE_MODULES = YES;
				CLANG_ENABLE_OBJC_ARC = YES;
				CLANG_WARN_BOOL_CONVERSION = YES;
				CLANG_WARN_CONSTANT_CONVERSION = YES;
				CLANG_WARN_DIRECT_OBJC_ISA_USAGE = YES_ERROR;
				CLANG_WARN_DOCUMENTATION_COMMENTS = YES;
				CLANG_WARN_EMPTY_BODY = YES;
				CLANG_WARN_ENUM_CONVERSION = YES;
				CLANG_WARN_INFINITE_RECURSION = YES;
				CLANG_WARN_INT_CONVERSION = YES;
				CLANG_WARN_OBJC_ROOT_CLASS = YES_ERROR;
				CLANG_WARN_SUSPICIOUS_MOVE = YES;
				CLANG_WARN_UNREACHABLE_CODE = YES;
				CLANG_WARN__DUPLICATE_METHOD_MATCH = YES;
				"CODE_SIGN_IDENTITY[sdk=iphoneos*]" = "iPhone Developer";
				COPY_PHASE_STRIP = NO;
				DEBUG_INFORMATION_FORMAT = "dwarf-with-dsym";
				ENABLE_NS_ASSERTIONS = NO;
				ENABLE_STRICT_OBJC_MSGSEND = YES;
				GCC_C_LANGUAGE_STANDARD = gnu99;
				GCC_NO_COMMON_BLOCKS = YES;
				GCC_WARN_64_TO_32_BIT_CONVERSION = YES;
				GCC_WARN_ABOUT_RETURN_TYPE = YES_ERROR;
				GCC_WARN_UNDECLARED_SELECTOR = YES;
				GCC_WARN_UNINITIALIZED_AUTOS = YES_AGGRESSIVE;
				GCC_WARN_UNUSED_FUNCTION = YES;
				GCC_WARN_UNUSED_VARIABLE = YES;
				IPHONEOS_DEPLOYMENT_TARGET = 10.2;
				MTL_ENABLE_DEBUG_INFO = NO;
				SDKROOT = iphoneos;
				SWIFT_OPTIMIZATION_LEVEL = "-Owholemodule";
				VALIDATE_PRODUCT = YES;
			};
			name = Release;
		};
		AC0770681DFABD2C00E70415 /* Debug */ = {
			isa = XCBuildConfiguration;
			buildSettings = {
				ASSETCATALOG_COMPILER_APPICON_NAME = AppIcon;
				INFOPLIST_FILE = CAFirebase2/Info.plist;
				LD_RUNPATH_SEARCH_PATHS = "$(inherited) @executable_path/Frameworks";
				PRODUCT_BUNDLE_IDENTIFIER = "heiwaknbvbnmb-cvbvcx.CAFirebase2";
				PRODUCT_NAME = "$(TARGET_NAME)";
				SWIFT_VERSION = 3.0;
			};
			name = Debug;
		};
		AC0770691DFABD2C00E70415 /* Release */ = {
			isa = XCBuildConfiguration;
			buildSettings = {
				ASSETCATALOG_COMPILER_APPICON_NAME = AppIcon;
				INFOPLIST_FILE = CAFirebase2/Info.plist;
				LD_RUNPATH_SEARCH_PATHS = "$(inherited) @executable_path/Frameworks";
				PRODUCT_BUNDLE_IDENTIFIER = "heiwaknbvbnmb-cvbvcx.CAFirebase2";
				PRODUCT_NAME = "$(TARGET_NAME)";
				SWIFT_VERSION = 3.0;
			};
			name = Release;
		};
		AC07706B1DFABD2C00E70415 /* Debug */ = {
			isa = XCBuildConfiguration;
			buildSettings = {
				ALWAYS_EMBED_SWIFT_STANDARD_LIBRARIES = YES;
				BUNDLE_LOADER = "$(TEST_HOST)";
				INFOPLIST_FILE = CAFirebase2Tests/Info.plist;
				LD_RUNPATH_SEARCH_PATHS = "$(inherited) @executable_path/Frameworks @loader_path/Frameworks";
				PRODUCT_BUNDLE_IDENTIFIER = "heiwaknbvbnmb-cvbvcx.CAFirebase2Tests";
				PRODUCT_NAME = "$(TARGET_NAME)";
				SWIFT_VERSION = 3.0;
				TEST_HOST = "$(BUILT_PRODUCTS_DIR)/CAFirebase2.app/CAFirebase2";
			};
			name = Debug;
		};
		AC07706C1DFABD2C00E70415 /* Release */ = {
			isa = XCBuildConfiguration;
			buildSettings = {
				ALWAYS_EMBED_SWIFT_STANDARD_LIBRARIES = YES;
				BUNDLE_LOADER = "$(TEST_HOST)";
				INFOPLIST_FILE = CAFirebase2Tests/Info.plist;
				LD_RUNPATH_SEARCH_PATHS = "$(inherited) @executable_path/Frameworks @loader_path/Frameworks";
				PRODUCT_BUNDLE_IDENTIFIER = "heiwaknbvbnmb-cvbvcx.CAFirebase2Tests";
				PRODUCT_NAME = "$(TARGET_NAME)";
				SWIFT_VERSION = 3.0;
				TEST_HOST = "$(BUILT_PRODUCTS_DIR)/CAFirebase2.app/CAFirebase2";
			};
			name = Release;
		};
		AC07706E1DFABD2C00E70415 /* Debug */ = {
			isa = XCBuildConfiguration;
			buildSettings = {
				ALWAYS_EMBED_SWIFT_STANDARD_LIBRARIES = YES;
				INFOPLIST_FILE = CAFirebase2UITests/Info.plist;
				LD_RUNPATH_SEARCH_PATHS = "$(inherited) @executable_path/Frameworks @loader_path/Frameworks";
				PRODUCT_BUNDLE_IDENTIFIER = "heiwaknbvbnmb-cvbvcx.CAFirebase2UITests";
				PRODUCT_NAME = "$(TARGET_NAME)";
				SWIFT_VERSION = 3.0;
				TEST_TARGET_NAME = CAFirebase2;
			};
			name = Debug;
		};
		AC07706F1DFABD2C00E70415 /* Release */ = {
			isa = XCBuildConfiguration;
			buildSettings = {
				ALWAYS_EMBED_SWIFT_STANDARD_LIBRARIES = YES;
				INFOPLIST_FILE = CAFirebase2UITests/Info.plist;
				LD_RUNPATH_SEARCH_PATHS = "$(inherited) @executable_path/Frameworks @loader_path/Frameworks";
				PRODUCT_BUNDLE_IDENTIFIER = "heiwaknbvbnmb-cvbvcx.CAFirebase2UITests";
				PRODUCT_NAME = "$(TARGET_NAME)";
				SWIFT_VERSION = 3.0;
				TEST_TARGET_NAME = CAFirebase2;
			};
			name = Release;
		};
/* End XCBuildConfiguration section */

/* Begin XCConfigurationList section */
		AC07703A1DFABD2C00E70415 /* Build configuration list for PBXProject "CAFirebase2" */ = {
			isa = XCConfigurationList;
			buildConfigurations = (
				AC0770651DFABD2C00E70415 /* Debug */,
				AC0770661DFABD2C00E70415 /* Release */,
			);
			defaultConfigurationIsVisible = 0;
			defaultConfigurationName = Release;
		};
		AC0770671DFABD2C00E70415 /* Build configuration list for PBXNativeTarget "CAFirebase2" */ = {
			isa = XCConfigurationList;
			buildConfigurations = (
				AC0770681DFABD2C00E70415 /* Debug */,
				AC0770691DFABD2C00E70415 /* Release */,
			);
			defaultConfigurationIsVisible = 0;
		};
		AC07706A1DFABD2C00E70415 /* Build configuration list for PBXNativeTarget "CAFirebase2Tests" */ = {
			isa = XCConfigurationList;
			buildConfigurations = (
				AC07706B1DFABD2C00E70415 /* Debug */,
				AC07706C1DFABD2C00E70415 /* Release */,
			);
			defaultConfigurationIsVisible = 0;
		};
		AC07706D1DFABD2C00E70415 /* Build configuration list for PBXNativeTarget "CAFirebase2UITests" */ = {
			isa = XCConfigurationList;
			buildConfigurations = (
				AC07706E1DFABD2C00E70415 /* Debug */,
				AC07706F1DFABD2C00E70415 /* Release */,
			);
			defaultConfigurationIsVisible = 0;
		};
/* End XCConfigurationList section */
	};
	rootObject = AC0770371DFABD2C00E70415 /* Project object */;
}
